// !$*UTF8*$!
{
	archiveVersion = 1;
	classes = {
	};
	objectVersion = 50;
	objects = {

/* Begin PBXBuildFile section */
		AC11D6A521E7FC9100EC4491 /* Alerts.swift in Sources */ = {isa = PBXBuildFile; fileRef = AC11D6A421E7FC9100EC4491 /* Alerts.swift */; };
		AC11D6A921EA03FD00EC4491 /* AppTheme.swift in Sources */ = {isa = PBXBuildFile; fileRef = AC11D6A821EA03FD00EC4491 /* AppTheme.swift */; };
		AC11D6AC21EA789400EC4491 /* ButtonAnimation.swift in Sources */ = {isa = PBXBuildFile; fileRef = AC11D6AB21EA789400EC4491 /* ButtonAnimation.swift */; };
		AC11D6AF21EA82C500EC4491 /* SoundPlayerViewState.swift in Sources */ = {isa = PBXBuildFile; fileRef = AC11D6AE21EA82C500EC4491 /* SoundPlayerViewState.swift */; };
		AC11D6B121EA832000EC4491 /* SoundPlayerViewStateFactory.swift in Sources */ = {isa = PBXBuildFile; fileRef = AC11D6B021EA832000EC4491 /* SoundPlayerViewStateFactory.swift */; };
		AC71382221D4866600250B0B /* AppDelegate.swift in Sources */ = {isa = PBXBuildFile; fileRef = AC71382121D4866600250B0B /* AppDelegate.swift */; };
		AC71382421D4866600250B0B /* SoundRecorderViewController.swift in Sources */ = {isa = PBXBuildFile; fileRef = AC71382321D4866600250B0B /* SoundRecorderViewController.swift */; };
		AC71382721D4866600250B0B /* Main.storyboard in Resources */ = {isa = PBXBuildFile; fileRef = AC71382521D4866600250B0B /* Main.storyboard */; };
		AC71382921D4866700250B0B /* Assets.xcassets in Resources */ = {isa = PBXBuildFile; fileRef = AC71382821D4866700250B0B /* Assets.xcassets */; };
		AC71382C21D4866700250B0B /* LaunchScreen.storyboard in Resources */ = {isa = PBXBuildFile; fileRef = AC71382A21D4866700250B0B /* LaunchScreen.storyboard */; };
		AC71385421E0CC6600250B0B /* SoundPlayerViewController.swift in Sources */ = {isa = PBXBuildFile; fileRef = AC71385321E0CC6600250B0B /* SoundPlayerViewController.swift */; };
		ACD0D05821E7E76F0026443B /* SoundRecorderViewStateFactory.swift in Sources */ = {isa = PBXBuildFile; fileRef = ACD0D05721E7E76F0026443B /* SoundRecorderViewStateFactory.swift */; };
		ACD0D05A21E7E7900026443B /* SoundRecorderViewState.swift in Sources */ = {isa = PBXBuildFile; fileRef = ACD0D05921E7E7900026443B /* SoundRecorderViewState.swift */; };
		ACD0D05C21E7EC120026443B /* SoundPlayer.swift in Sources */ = {isa = PBXBuildFile; fileRef = ACD0D05B21E7EC120026443B /* SoundPlayer.swift */; };
/* End PBXBuildFile section */

/* Begin PBXFileReference section */
		AC11D6A421E7FC9100EC4491 /* Alerts.swift */ = {isa = PBXFileReference; lastKnownFileType = sourcecode.swift; path = Alerts.swift; sourceTree = "<group>"; };
		AC11D6A821EA03FD00EC4491 /* AppTheme.swift */ = {isa = PBXFileReference; lastKnownFileType = sourcecode.swift; path = AppTheme.swift; sourceTree = "<group>"; };
		AC11D6AB21EA789400EC4491 /* ButtonAnimation.swift */ = {isa = PBXFileReference; lastKnownFileType = sourcecode.swift; path = ButtonAnimation.swift; sourceTree = "<group>"; };
		AC11D6AE21EA82C500EC4491 /* SoundPlayerViewState.swift */ = {isa = PBXFileReference; lastKnownFileType = sourcecode.swift; path = SoundPlayerViewState.swift; sourceTree = "<group>"; };
		AC11D6B021EA832000EC4491 /* SoundPlayerViewStateFactory.swift */ = {isa = PBXFileReference; lastKnownFileType = sourcecode.swift; path = SoundPlayerViewStateFactory.swift; sourceTree = "<group>"; };
		AC71381E21D4866600250B0B /* PitchPerfect.app */ = {isa = PBXFileReference; explicitFileType = wrapper.application; includeInIndex = 0; path = PitchPerfect.app; sourceTree = BUILT_PRODUCTS_DIR; };
		AC71382121D4866600250B0B /* AppDelegate.swift */ = {isa = PBXFileReference; lastKnownFileType = sourcecode.swift; path = AppDelegate.swift; sourceTree = "<group>"; };
		AC71382321D4866600250B0B /* SoundRecorderViewController.swift */ = {isa = PBXFileReference; lastKnownFileType = sourcecode.swift; path = SoundRecorderViewController.swift; sourceTree = "<group>"; };
		AC71382621D4866600250B0B /* Base */ = {isa = PBXFileReference; lastKnownFileType = file.storyboard; name = Base; path = Base.lproj/Main.storyboard; sourceTree = "<group>"; };
		AC71382821D4866700250B0B /* Assets.xcassets */ = {isa = PBXFileReference; lastKnownFileType = folder.assetcatalog; path = Assets.xcassets; sourceTree = "<group>"; };
		AC71382B21D4866700250B0B /* Base */ = {isa = PBXFileReference; lastKnownFileType = file.storyboard; name = Base; path = Base.lproj/LaunchScreen.storyboard; sourceTree = "<group>"; };
		AC71382D21D4866700250B0B /* Info.plist */ = {isa = PBXFileReference; lastKnownFileType = text.plist.xml; path = Info.plist; sourceTree = "<group>"; };
		AC71385321E0CC6600250B0B /* SoundPlayerViewController.swift */ = {isa = PBXFileReference; lastKnownFileType = sourcecode.swift; path = SoundPlayerViewController.swift; sourceTree = "<group>"; };
		ACD0D05721E7E76F0026443B /* SoundRecorderViewStateFactory.swift */ = {isa = PBXFileReference; lastKnownFileType = sourcecode.swift; path = SoundRecorderViewStateFactory.swift; sourceTree = "<group>"; };
		ACD0D05921E7E7900026443B /* SoundRecorderViewState.swift */ = {isa = PBXFileReference; lastKnownFileType = sourcecode.swift; path = SoundRecorderViewState.swift; sourceTree = "<group>"; };
		ACD0D05B21E7EC120026443B /* SoundPlayer.swift */ = {isa = PBXFileReference; lastKnownFileType = sourcecode.swift; path = SoundPlayer.swift; sourceTree = "<group>"; };
/* End PBXFileReference section */

/* Begin PBXFrameworksBuildPhase section */
		AC71381B21D4866600250B0B /* Frameworks */ = {
			isa = PBXFrameworksBuildPhase;
			buildActionMask = 2147483647;
			files = (
			);
			runOnlyForDeploymentPostprocessing = 0;
		};
/* End PBXFrameworksBuildPhase section */

/* Begin PBXGroup section */
		AC11D6AA21EA049500EC4491 /* Theme */ = {
			isa = PBXGroup;
			children = (
				AC11D6A821EA03FD00EC4491 /* AppTheme.swift */,
			);
			path = Theme;
			sourceTree = "<group>";
		};
		AC11D6AD21EA7BAC00EC4491 /* Animation */ = {
			isa = PBXGroup;
			children = (
				AC11D6AB21EA789400EC4491 /* ButtonAnimation.swift */,
			);
			path = Animation;
			sourceTree = "<group>";
		};
		AC71381521D4866600250B0B = {
			isa = PBXGroup;
			children = (
				AC71382021D4866600250B0B /* pitch-perfect */,
				AC71381F21D4866600250B0B /* Products */,
			);
			sourceTree = "<group>";
		};
		AC71381F21D4866600250B0B /* Products */ = {
			isa = PBXGroup;
			children = (
				AC71381E21D4866600250B0B /* PitchPerfect.app */,
			);
			name = Products;
			sourceTree = "<group>";
		};
		AC71382021D4866600250B0B /* pitch-perfect */ = {
			isa = PBXGroup;
			children = (
				AC11D6AD21EA7BAC00EC4491 /* Animation */,
				AC11D6AA21EA049500EC4491 /* Theme */,
				ACD0D05E21E7EC380026443B /* Sound Player */,
				ACD0D05D21E7EC1A0026443B /* Sound Recorder */,
				AC71382121D4866600250B0B /* AppDelegate.swift */,
				AC71382521D4866600250B0B /* Main.storyboard */,
				AC71382821D4866700250B0B /* Assets.xcassets */,
				AC71382A21D4866700250B0B /* LaunchScreen.storyboard */,
				AC71382D21D4866700250B0B /* Info.plist */,
			);
			path = "pitch-perfect";
			sourceTree = "<group>";
		};
		ACD0D05D21E7EC1A0026443B /* Sound Recorder */ = {
			isa = PBXGroup;
			children = (
				ACD0D05921E7E7900026443B /* SoundRecorderViewState.swift */,
				ACD0D05721E7E76F0026443B /* SoundRecorderViewStateFactory.swift */,
				AC71382321D4866600250B0B /* SoundRecorderViewController.swift */,
			);
			path = "Sound Recorder";
			sourceTree = "<group>";
		};
		ACD0D05E21E7EC380026443B /* Sound Player */ = {
			isa = PBXGroup;
			children = (
				AC11D6AE21EA82C500EC4491 /* SoundPlayerViewState.swift */,
				AC11D6B021EA832000EC4491 /* SoundPlayerViewStateFactory.swift */,
				AC71385321E0CC6600250B0B /* SoundPlayerViewController.swift */,
				ACD0D05B21E7EC120026443B /* SoundPlayer.swift */,
				AC11D6A421E7FC9100EC4491 /* Alerts.swift */,
			);
			path = "Sound Player";
			sourceTree = "<group>";
		};
/* End PBXGroup section */

/* Begin PBXNativeTarget section */
		AC71381D21D4866600250B0B /* PitchPerfect */ = {
			isa = PBXNativeTarget;
			buildConfigurationList = AC71383021D4866700250B0B /* Build configuration list for PBXNativeTarget "PitchPerfect" */;
			buildPhases = (
				AC71381A21D4866600250B0B /* Sources */,
				AC71381B21D4866600250B0B /* Frameworks */,
				AC71381C21D4866600250B0B /* Resources */,
			);
			buildRules = (
			);
			dependencies = (
			);
			name = PitchPerfect;
			productName = "pitch-perfect";
			productReference = AC71381E21D4866600250B0B /* PitchPerfect.app */;
			productType = "com.apple.product-type.application";
		};
/* End PBXNativeTarget section */

/* Begin PBXProject section */
		AC71381621D4866600250B0B /* Project object */ = {
			isa = PBXProject;
			attributes = {
				LastSwiftUpdateCheck = 1010;
				LastUpgradeCheck = 1010;
				ORGANIZATIONNAME = Udacity;
				TargetAttributes = {
					AC71381D21D4866600250B0B = {
						CreatedOnToolsVersion = 10.1;
					};
				};
			};
			buildConfigurationList = AC71381921D4866600250B0B /* Build configuration list for PBXProject "PitchPerfect" */;
			compatibilityVersion = "Xcode 9.3";
			developmentRegion = en;
			hasScannedForEncodings = 0;
			knownRegions = (
				en,
				Base,
			);
			mainGroup = AC71381521D4866600250B0B;
			productRefGroup = AC71381F21D4866600250B0B /* Products */;
			projectDirPath = "";
			projectRoot = "";
			targets = (
				AC71381D21D4866600250B0B /* PitchPerfect */,
			);
		};
/* End PBXProject section */

/* Begin PBXResourcesBuildPhase section */
		AC71381C21D4866600250B0B /* Resources */ = {
			isa = PBXResourcesBuildPhase;
			buildActionMask = 2147483647;
			files = (
				AC71382C21D4866700250B0B /* LaunchScreen.storyboard in Resources */,
				AC71382921D4866700250B0B /* Assets.xcassets in Resources */,
				AC71382721D4866600250B0B /* Main.storyboard in Resources */,
			);
			runOnlyForDeploymentPostprocessing = 0;
		};
/* End PBXResourcesBuildPhase section */

/* Begin PBXSourcesBuildPhase section */
		AC71381A21D4866600250B0B /* Sources */ = {
			isa = PBXSourcesBuildPhase;
			buildActionMask = 2147483647;
			files = (
				AC71382421D4866600250B0B /* SoundRecorderViewController.swift in Sources */,
				ACD0D05C21E7EC120026443B /* SoundPlayer.swift in Sources */,
				AC11D6AC21EA789400EC4491 /* ButtonAnimation.swift in Sources */,
				ACD0D05821E7E76F0026443B /* SoundRecorderViewStateFactory.swift in Sources */,
				AC71385421E0CC6600250B0B /* SoundPlayerViewController.swift in Sources */,
				AC11D6AF21EA82C500EC4491 /* SoundPlayerViewState.swift in Sources */,
				ACD0D05A21E7E7900026443B /* SoundRecorderViewState.swift in Sources */,
				AC11D6A921EA03FD00EC4491 /* AppTheme.swift in Sources */,
				AC11D6A521E7FC9100EC4491 /* Alerts.swift in Sources */,
				AC11D6B121EA832000EC4491 /* SoundPlayerViewStateFactory.swift in Sources */,
				AC71382221D4866600250B0B /* AppDelegate.swift in Sources */,
			);
			runOnlyForDeploymentPostprocessing = 0;
		};
/* End PBXSourcesBuildPhase section */

/* Begin PBXVariantGroup section */
		AC71382521D4866600250B0B /* Main.storyboard */ = {
			isa = PBXVariantGroup;
			children = (
				AC71382621D4866600250B0B /* Base */,
			);
			name = Main.storyboard;
			sourceTree = "<group>";
		};
		AC71382A21D4866700250B0B /* LaunchScreen.storyboard */ = {
			isa = PBXVariantGroup;
			children = (
				AC71382B21D4866700250B0B /* Base */,
			);
			name = LaunchScreen.storyboard;
			sourceTree = "<group>";
		};
/* End PBXVariantGroup section */

/* Begin XCBuildConfiguration section */
		AC71382E21D4866700250B0B /* Debug */ = {
			isa = XCBuildConfiguration;
			buildSettings = {
				ALWAYS_SEARCH_USER_PATHS = NO;
				CLANG_ANALYZER_NONNULL = YES;
				CLANG_ANALYZER_NUMBER_OBJECT_CONVERSION = YES_AGGRESSIVE;
				CLANG_CXX_LANGUAGE_STANDARD = "gnu++14";
				CLANG_CXX_LIBRARY = "libc++";
				CLANG_ENABLE_MODULES = YES;
				CLANG_ENABLE_OBJC_ARC = YES;
				CLANG_ENABLE_OBJC_WEAK = YES;
				CLANG_WARN_BLOCK_CAPTURE_AUTORELEASING = YES;
				CLANG_WARN_BOOL_CONVERSION = YES;
				CLANG_WARN_COMMA = YES;
				CLANG_WARN_CONSTANT_CONVERSION = YES;
				CLANG_WARN_DEPRECATED_OBJC_IMPLEMENTATIONS = YES;
				CLANG_WARN_DIRECT_OBJC_ISA_USAGE = YES_ERROR;
				CLANG_WARN_DOCUMENTATION_COMMENTS = YES;
				CLANG_WARN_EMPTY_BODY = YES;
				CLANG_WARN_ENUM_CONVERSION = YES;
				CLANG_WARN_INFINITE_RECURSION = YES;
				CLANG_WARN_INT_CONVERSION = YES;
				CLANG_WARN_NON_LITERAL_NULL_CONVERSION = YES;
				CLANG_WARN_OBJC_IMPLICIT_RETAIN_SELF = YES;
				CLANG_WARN_OBJC_LITERAL_CONVERSION = YES;
				CLANG_WARN_OBJC_ROOT_CLASS = YES_ERROR;
				CLANG_WARN_RANGE_LOOP_ANALYSIS = YES;
				CLANG_WARN_STRICT_PROTOTYPES = YES;
				CLANG_WARN_SUSPICIOUS_MOVE = YES;
				CLANG_WARN_UNGUARDED_AVAILABILITY = YES_AGGRESSIVE;
				CLANG_WARN_UNREACHABLE_CODE = YES;
				CLANG_WARN__DUPLICATE_METHOD_MATCH = YES;
				CODE_SIGN_IDENTITY = "iPhone Developer";
				COPY_PHASE_STRIP = NO;
				DEBUG_INFORMATION_FORMAT = dwarf;
				ENABLE_STRICT_OBJC_MSGSEND = YES;
				ENABLE_TESTABILITY = YES;
				GCC_C_LANGUAGE_STANDARD = gnu11;
				GCC_DYNAMIC_NO_PIC = NO;
				GCC_NO_COMMON_BLOCKS = YES;
				GCC_OPTIMIZATION_LEVEL = 0;
				GCC_PREPROCESSOR_DEFINITIONS = (
					"DEBUG=1",
					"$(inherited)",
				);
				GCC_WARN_64_TO_32_BIT_CONVERSION = YES;
				GCC_WARN_ABOUT_RETURN_TYPE = YES_ERROR;
				GCC_WARN_UNDECLARED_SELECTOR = YES;
				GCC_WARN_UNINITIALIZED_AUTOS = YES_AGGRESSIVE;
				GCC_WARN_UNUSED_FUNCTION = YES;
				GCC_WARN_UNUSED_VARIABLE = YES;
				IPHONEOS_DEPLOYMENT_TARGET = 12.1;
				MTL_ENABLE_DEBUG_INFO = INCLUDE_SOURCE;
				MTL_FAST_MATH = YES;
				ONLY_ACTIVE_ARCH = YES;
				SDKROOT = iphoneos;
				SWIFT_ACTIVE_COMPILATION_CONDITIONS = DEBUG;
				SWIFT_OPTIMIZATION_LEVEL = "-Onone";
			};
			name = Debug;
		};
		AC71382F21D4866700250B0B /* Release */ = {
			isa = XCBuildConfiguration;
			buildSettings = {
				ALWAYS_SEARCH_USER_PATHS = NO;
				CLANG_ANALYZER_NONNULL = YES;
				CLANG_ANALYZER_NUMBER_OBJECT_CONVERSION = YES_AGGRESSIVE;
				CLANG_CXX_LANGUAGE_STANDARD = "gnu++14";
				CLANG_CXX_LIBRARY = "libc++";
				CLANG_ENABLE_MODULES = YES;
				CLANG_ENABLE_OBJC_ARC = YES;
				CLANG_ENABLE_OBJC_WEAK = YES;
				CLANG_WARN_BLOCK_CAPTURE_AUTORELEASING = YES;
				CLANG_WARN_BOOL_CONVERSION = YES;
				CLANG_WARN_COMMA = YES;
				CLANG_WARN_CONSTANT_CONVERSION = YES;
				CLANG_WARN_DEPRECATED_OBJC_IMPLEMENTATIONS = YES;
				CLANG_WARN_DIRECT_OBJC_ISA_USAGE = YES_ERROR;
				CLANG_WARN_DOCUMENTATION_COMMENTS = YES;
				CLANG_WARN_EMPTY_BODY = YES;
				CLANG_WARN_ENUM_CONVERSION = YES;
				CLANG_WARN_INFINITE_RECURSION = YES;
				CLANG_WARN_INT_CONVERSION = YES;
				CLANG_WARN_NON_LITERAL_NULL_CONVERSION = YES;
				CLANG_WARN_OBJC_IMPLICIT_RETAIN_SELF = YES;
				CLANG_WARN_OBJC_LITERAL_CONVERSION = YES;
				CLANG_WARN_OBJC_ROOT_CLASS = YES_ERROR;
				CLANG_WARN_RANGE_LOOP_ANALYSIS = YES;
				CLANG_WARN_STRICT_PROTOTYPES = YES;
				CLANG_WARN_SUSPICIOUS_MOVE = YES;
				CLANG_WARN_UNGUARDED_AVAILABILITY = YES_AGGRESSIVE;
				CLANG_WARN_UNREACHABLE_CODE = YES;
				CLANG_WARN__DUPLICATE_METHOD_MATCH = YES;
				CODE_SIGN_IDENTITY = "iPhone Developer";
				COPY_PHASE_STRIP = NO;
				DEBUG_INFORMATION_FORMAT = "dwarf-with-dsym";
				ENABLE_NS_ASSERTIONS = NO;
				ENABLE_STRICT_OBJC_MSGSEND = YES;
				GCC_C_LANGUAGE_STANDARD = gnu11;
				GCC_NO_COMMON_BLOCKS = YES;
				GCC_WARN_64_TO_32_BIT_CONVERSION = YES;
				GCC_WARN_ABOUT_RETURN_TYPE = YES_ERROR;
				GCC_WARN_UNDECLARED_SELECTOR = YES;
				GCC_WARN_UNINITIALIZED_AUTOS = YES_AGGRESSIVE;
				GCC_WARN_UNUSED_FUNCTION = YES;
				GCC_WARN_UNUSED_VARIABLE = YES;
				IPHONEOS_DEPLOYMENT_TARGET = 12.1;
				MTL_ENABLE_DEBUG_INFO = NO;
				MTL_FAST_MATH = YES;
				SDKROOT = iphoneos;
				SWIFT_COMPILATION_MODE = wholemodule;
				SWIFT_OPTIMIZATION_LEVEL = "-O";
				VALIDATE_PRODUCT = YES;
			};
			name = Release;
		};
		AC71383121D4866700250B0B /* Debug */ = {
			isa = XCBuildConfiguration;
			buildSettings = {
				ASSETCATALOG_COMPILER_APPICON_NAME = AppIcon;
				CODE_SIGN_STYLE = Automatic;
				INFOPLIST_FILE = "pitch-perfect/Info.plist";
				LD_RUNPATH_SEARCH_PATHS = (
					"$(inherited)",
					"@executable_path/Frameworks",
				);
				PRODUCT_BUNDLE_IDENTIFIER = "com.udacity.pitch-perfect";
				PRODUCT_NAME = "$(TARGET_NAME)";
				SWIFT_VERSION = 4.2;
				TARGETED_DEVICE_FAMILY = "1,2";
			};
			name = Debug;
		};
		AC71383221D4866700250B0B /* Release */ = {
			isa = XCBuildConfiguration;
			buildSettings = {
				ASSETCATALOG_COMPILER_APPICON_NAME = AppIcon;
				CODE_SIGN_STYLE = Automatic;
				INFOPLIST_FILE = "pitch-perfect/Info.plist";
				LD_RUNPATH_SEARCH_PATHS = (
					"$(inherited)",
					"@executable_path/Frameworks",
				);
				PRODUCT_BUNDLE_IDENTIFIER = "com.udacity.pitch-perfect";
				PRODUCT_NAME = "$(TARGET_NAME)";
				SWIFT_VERSION = 4.2;
				TARGETED_DEVICE_FAMILY = "1,2";
			};
			name = Release;
		};
/* End XCBuildConfiguration section */

/* Begin XCConfigurationList section */
		AC71381921D4866600250B0B /* Build configuration list for PBXProject "PitchPerfect" */ = {
			isa = XCConfigurationList;
			buildConfigurations = (
				AC71382E21D4866700250B0B /* Debug */,
				AC71382F21D4866700250B0B /* Release */,
			);
			defaultConfigurationIsVisible = 0;
			defaultConfigurationName = Release;
		};
		AC71383021D4866700250B0B /* Build configuration list for PBXNativeTarget "PitchPerfect" */ = {
			isa = XCConfigurationList;
			buildConfigurations = (
				AC71383121D4866700250B0B /* Debug */,
				AC71383221D4866700250B0B /* Release */,
			);
			defaultConfigurationIsVisible = 0;
			defaultConfigurationName = Release;
		};
/* End XCConfigurationList section */
	};
	rootObject = AC71381621D4866600250B0B /* Project object */;
}
